# This file is autogenerated, do not edit; changes may be undone by the next 'dep ensure'.


[[projects]]
  digest = "1:573fa46f8d413d4bc3f7cc5e86b2c43cb21559f4fb0a19d9874d228e28fdc07c"
  name = "github.com/PuerkitoBio/goquery"
  packages = ["."]
  pruneopts = "UT"
  revision = "2d2796f41742ece03e8086188fa4db16a3a0b458"
  version = "v1.5.0"

[[projects]]
  digest = "1:66b3310cf22cdc96c35ef84ede4f7b9b370971c4025f394c89a2638729653b11"
  name = "github.com/andybalholm/cascadia"
  packages = ["."]
  pruneopts = "UT"
  revision = "901648c87902174f774fac311d7f176f8647bdaa"
  version = "v1.0.0"

[[projects]]
  digest = "1:0838b7b97323a5ff376ad36248d303d9fadcbe158d5f46b6d78356bc5727dc1e"
  name = "github.com/apex/invoke"
  packages = ["."]
  pruneopts = "UT"
  revision = "c1020a6385cea74c80ff3ef223bfe498e1a0e213"
  version = "v2.0.1"

[[projects]]
  digest = "1:95fd14230b48a74765db94f7064f0b5617f52739a164f6d41e5b57bec5b3ff9b"
  name = "github.com/aws/aws-lambda-go"
  packages = [
    "events",
    "lambda",
    "lambda/handlertrace",
    "lambda/messages",
    "lambdacontext",
  ]
  pruneopts = "UT"
  revision = "08d251dc58f204411d79012fd6f1beefb7107fea"
  version = "v1.10.0"

[[projects]]
  digest = "1:b372a722f9803220bde34245b70fd60d3c4db3ad5fdc9c10f1c1e0ff6606bb86"
  name = "github.com/aws/aws-sdk-go"
  packages = [
    "aws",
    "aws/awserr",
    "aws/awsutil",
    "aws/client",
    "aws/client/metadata",
    "aws/corehandlers",
    "aws/credentials",
    "aws/credentials/ec2rolecreds",
    "aws/credentials/endpointcreds",
    "aws/credentials/processcreds",
    "aws/credentials/stscreds",
    "aws/crr",
    "aws/csm",
    "aws/defaults",
    "aws/ec2metadata",
    "aws/endpoints",
    "aws/request",
    "aws/session",
    "aws/signer/v4",
    "internal/ini",
    "internal/s3err",
    "internal/sdkio",
    "internal/sdkrand",
    "internal/sdkuri",
    "internal/shareddefaults",
    "private/protocol",
    "private/protocol/ec2query",
    "private/protocol/eventstream",
    "private/protocol/eventstream/eventstreamapi",
    "private/protocol/json/jsonutil",
    "private/protocol/jsonrpc",
    "private/protocol/query",
    "private/protocol/query/queryutil",
    "private/protocol/rest",
    "private/protocol/restjson",
    "private/protocol/restxml",
    "private/protocol/xml/xmlutil",
    "service/cloudwatchevents",
    "service/dynamodb",
    "service/dynamodb/dynamodbattribute",
    "service/ec2",
    "service/glacier",
    "service/lambda",
    "service/s3",
    "service/s3/s3iface",
    "service/s3/s3manager",
    "service/sts",
  ]
  pruneopts = "UT"
  revision = "a4072efa95b76eb4d8eaebe701abee730cce3e60"
  version = "v1.19.37"

[[projects]]
  digest = "1:d052bda13fd17bd8cf52ccae57b0a03ffeea80cffc2cffc62741235fa34f92cf"
  name = "github.com/dsnet/compress"
  packages = [
    ".",
    "bzip2",
    "bzip2/internal/sais",
    "internal",
    "internal/errors",
    "internal/prefix",
  ]
  pruneopts = "UT"
  revision = "da652975a8eea9fa0735aba8056747a751db0bd3"
  version = "v0.0.1"

[[projects]]
  branch = "master"
  digest = "1:a7234013ba232a032116837ac4ab3541565f058fa241d9579e247ff53cf21aee"
  name = "github.com/eschizoid/flixctl"
  packages = [
    "aws/cloudwatch",
    "aws/ebs",
    "aws/ec2",
    "aws/glacier",
    "aws/lambda/models",
    "aws/s3",
    "aws/snapshot",
    "cmd",
    "cmd/admin",
    "cmd/library",
    "cmd/nzb",
    "cmd/ombi",
    "cmd/plex",
    "cmd/radarr",
    "cmd/sonarr",
    "cmd/torrent",
    "library",
    "models",
    "slack",
    "slack/admin",
    "slack/library",
    "slack/plex",
    "slack/radarr",
    "slack/sonarr",
    "slack/torrent",
    "torrent",
    "worker",
  ]
  pruneopts = "UT"
  revision = "750b81d19b6d4773a9924fed262f904391fb5cd1"

[[projects]]
  digest = "1:9ca9ccfaa0481e4c277fd73f872975c63b469b8edd99f616198b6362793b9d8d"
  name = "github.com/go-playground/form"
  packages = ["."]
  pruneopts = "UT"
  revision = "c78c4d65be236fc54add020b980125b40aeb6386"
  version = "v3.1.4"

[[projects]]
  digest = "1:e4f5819333ac698d294fe04dbf640f84719658d5c7ce195b10060cc37292ce79"
  name = "github.com/golang/snappy"
  packages = ["."]
  pruneopts = "UT"
  revision = "2a8bb927dd31d8daada140a5d09578521ce5c36a"
  version = "v0.0.1"

[[projects]]
  digest = "1:582b704bebaa06b48c29b0cec224a6058a09c86883aaddabde889cd1a5f73e1b"
  name = "github.com/google/uuid"
  packages = ["."]
  pruneopts = "UT"
  revision = "0cd6bf5da1e1c83f8b45653022c74f71af0538a4"
  version = "v1.1.1"

[[projects]]
  digest = "1:7b5c6e2eeaa9ae5907c391a91c132abfd5c9e8a784a341b5625e750c67e6825d"
  name = "github.com/gorilla/websocket"
  packages = ["."]
  pruneopts = "UT"
  revision = "66b9c49e59c6c48f0ffce28c2d8b8a5678502c6d"
  version = "v1.4.0"

[[projects]]
  digest = "1:9715d8b13bda6dada8327ad7d4791ec8d4c2be49a660c8a9293361f80daac913"
  name = "github.com/hekmon/cunits"
  packages = ["."]
  pruneopts = "UT"
  revision = "3c45cb0124f153c1e8bbd2e965cf657c59331d49"
  version = "v2.0.0"

[[projects]]
  branch = "master"
  digest = "1:11dac7ae01b4c3559e5e7d53c9659514b6579fac842369d51f7a26075e49c400"
  name = "github.com/hekmon/transmissionrpc"
  packages = ["."]
  pruneopts = "UT"
  revision = "4352aea9f1b8457261dc9b03e8d32ced8fa1a471"

[[projects]]
  digest = "1:870d441fe217b8e689d7949fef6e43efbc787e50f200cb1e70dbca9204a1d6be"
  name = "github.com/inconshreveable/mousetrap"
  packages = ["."]
  pruneopts = "UT"
  revision = "76626ae9c91c4f2a10f34cad8ce83ea42c93bb75"
  version = "v1.0"

[[projects]]
  digest = "1:bb81097a5b62634f3e9fec1014657855610c82d19b9a40c17612e32651e35dca"
  name = "github.com/jmespath/go-jmespath"
  packages = ["."]
  pruneopts = "UT"
  revision = "c2b33e84"

[[projects]]
  branch = "master"
  digest = "1:5ed61bd13b057e3197346aa2df34c3db26e8b5dbca874d81c7626f9207a0a1f4"
  name = "github.com/jrudio/go-plex-client"
  packages = ["."]
  pruneopts = "UT"
  revision = "8a3d10f8ebdaf2d86d6212383b2513b4e3de822d"

[[projects]]
  branch = "master"
  digest = "1:5580bb985245fbbd6928091aade9e06a8d4d1ca410fd80ba115882fafa1902ae"
  name = "github.com/jrudio/go-radarr-client"
  packages = ["."]
  pruneopts = "UT"
  revision = "8c6eeb33f4b46e16fdb29b55742fca28239f14cf"

[[projects]]
  branch = "master"
  digest = "1:53dab5dd20d9e0e71d1d2868e5fdbdffccc22ea8e62fb20d97daf0d932b53581"
  name = "github.com/jrudio/go-sonarr-client"
  packages = ["."]
  pruneopts = "UT"
  revision = "ec124ce2d81ee6699e4e27c2527e77dc80b241ba"

[[projects]]
  branch = "master"
  digest = "1:762a24e38b39b59a2ceef21101e1befe04033aada94d6fdf0e36c0dc29de311b"
  name = "github.com/juliensalinas/torrengo"
  packages = [
    "core",
    "otts",
    "td",
    "tpb",
  ]
  pruneopts = "UT"
  revision = "1b98cea3a29da40651396794a5b21798263b18ed"

[[projects]]
  digest = "1:31e761d97c76151dde79e9d28964a812c46efc5baee4085b86f68f0c654450de"
  name = "github.com/konsorten/go-windows-terminal-sequences"
  packages = ["."]
  pruneopts = "UT"
  revision = "f55edac94c9bbba5d6182a4be46d86a2c9b5b50e"
  version = "v1.0.2"

[[projects]]
  digest = "1:67b3e2eb7a5bcfe8374b617315f1a8dfdff3c131a451eb2c01664790ef6dd4e6"
  name = "github.com/mholt/archiver"
  packages = ["."]
  pruneopts = "UT"
  revision = "d572b2e8b82726cee9476d1b9d63a7fe9b601ff1"
  version = "v3.1.1"

[[projects]]
  digest = "1:95d38d218bf2290987c6b0e885a9f0f2d3d3239235acaddca01c3fe36e5e5566"
  name = "github.com/nlopes/slack"
  packages = [
    ".",
    "slackutilsx",
  ]
  pruneopts = "UT"
  revision = "b9033a72a20bf84563485e86a2adbea4bf265804"
  version = "v0.4.0"

[[projects]]
  digest = "1:b93a939355dc613ca1c23bf39f6d4c207da431a31dd8af001cc334ad24cab9d3"
  name = "github.com/nwaples/rardecode"
  packages = ["."]
  pruneopts = "UT"
  revision = "cc3e4b2381762c56dbcdf9f93be03349a1dc1c14"
  version = "v1.0.0"

[[projects]]
  digest = "1:259f9b7645983a7a823318d78aa96dec68af8891f706493ac1ec04d819cb977c"
  name = "github.com/pierrec/lz4"
  packages = [
    ".",
    "internal/xxh32",
  ]
  pruneopts = "UT"
  revision = "d705d4371bfccdf47f10e45584e896026c83616f"
  version = "v2.2.3"

[[projects]]
  digest = "1:cf31692c14422fa27c83a05292eb5cbe0fb2775972e8f1f8446a71549bd8980b"
  name = "github.com/pkg/errors"
  packages = ["."]
  pruneopts = "UT"
  revision = "ba968bfe8b2f7e042a574c888954fccecfa385b4"
  version = "v0.8.1"

[[projects]]
  digest = "1:04457f9f6f3ffc5fea48e71d62f2ca256637dee0a04d710288e27e05c8b41976"
  name = "github.com/sirupsen/logrus"
  packages = ["."]
  pruneopts = "UT"
  revision = "839c75faf7f98a33d445d181f3018b5c3409a45e"
  version = "v1.4.2"

[[projects]]
  digest = "1:22799aea8fe96dd5693abdd1eaa14b1b29e3eafbdc7733fa155b3cb556c8a7ae"
  name = "github.com/spf13/cobra"
  packages = ["."]
  pruneopts = "UT"
  revision = "67fc4837d267bc9bfd6e47f77783fcc3dffc68de"
  version = "v0.0.4"

[[projects]]
  digest = "1:c1b1102241e7f645bc8e0c22ae352e8f0dc6484b6cb4d132fa9f24174e0119e2"
  name = "github.com/spf13/pflag"
  packages = ["."]
  pruneopts = "UT"
  revision = "298182f68c66c05229eb03ac171abe6e309ee79a"
  version = "v1.0.3"

[[projects]]
  digest = "1:2643d81498e38e44bdcf480be199cac55f29e97403b0342d962824bfe9960722"
  name = "github.com/ulikunitz/xz"
  packages = [
    ".",
    "internal/hash",
    "internal/xlog",
    "lzma",
  ]
  pruneopts = "UT"
  revision = "6f934d456d51e742b4eeab20d925a827ef22320a"
  version = "v0.5.6"

[[projects]]
  branch = "master"
  digest = "1:0dfba983988bcd90e6dd30b9bfdb9685ff530dbf61db3706e55372e975b1d8bc"
  name = "github.com/xi2/xz"
  packages = ["."]
  pruneopts = "UT"
  revision = "48954b6210f8d154cb5f8484d3a3e1f83489309e"

[[projects]]
  branch = "master"
  digest = "1:c702843f592f44c2c558f08478b71331119d31907e7945f1cedc9ee3c932e493"
  name = "golang.org/x/crypto"
  packages = [
    "curve25519",
    "ed25519",
    "ed25519/internal/edwards25519",
    "internal/chacha20",
    "internal/subtle",
    "poly1305",
    "ssh",
  ]
  pruneopts = "UT"
  revision = "22d7a77e9e5f409e934ed268692e56707cd169e5"

[[projects]]
  branch = "master"
  digest = "1:df0b90aab660f9cf40a37135ae257dbdb35bbda30e397eccf1ab0bbc1f1e03ba"
  name = "golang.org/x/net"
  packages = [
    "html",
    "html/atom",
    "idna",
    "publicsuffix",
  ]
  pruneopts = "UT"
  revision = "f3200d17e092c607f615320ecaad13d87ad9a2b3"

[[projects]]
  branch = "master"
  digest = "1:6ca893cbde40a147ad530131113a470c0a96833dd015298d9dd74ed713768677"
  name = "golang.org/x/sys"
  packages = [
    "cpu",
    "unix",
  ]
  pruneopts = "UT"
  revision = "0e01d883c5c5e3a1741118a9962f68d71b0a6ed4"

[[projects]]
  digest = "1:8d8faad6b12a3a4c819a3f9618cb6ee1fa1cfc33253abeeea8b55336721e3405"
  name = "golang.org/x/text"
  packages = [
    "collate",
    "collate/build",
    "internal/colltab",
    "internal/gen",
    "internal/language",
    "internal/language/compact",
    "internal/tag",
    "internal/triegen",
    "internal/ucd",
    "language",
    "secure/bidirule",
    "transform",
    "unicode/bidi",
    "unicode/cldr",
    "unicode/norm",
    "unicode/rangetable",
  ]
  pruneopts = "UT"
  revision = "342b2e1fbaa52c93f31447ad2c6abc048c63e475"
  version = "v0.3.2"

[solve-meta]
  analyzer-name = "dep"
  analyzer-version = 1
  input-imports = [
    "github.com/apex/invoke",
    "github.com/aws/aws-lambda-go/events",
    "github.com/aws/aws-lambda-go/lambda",
    "github.com/aws/aws-sdk-go/aws",
    "github.com/aws/aws-sdk-go/aws/awserr",
    "github.com/aws/aws-sdk-go/aws/session",
    "github.com/aws/aws-sdk-go/service/cloudwatchevents",
    "github.com/aws/aws-sdk-go/service/dynamodb",
    "github.com/aws/aws-sdk-go/service/dynamodb/dynamodbattribute",
    "github.com/aws/aws-sdk-go/service/ec2",
    "github.com/aws/aws-sdk-go/service/glacier",
    "github.com/aws/aws-sdk-go/service/lambda",
    "github.com/aws/aws-sdk-go/service/s3",
    "github.com/aws/aws-sdk-go/service/s3/s3manager",
    "github.com/eschizoid/flixctl/aws/cloudwatch",
    "github.com/eschizoid/flixctl/aws/ebs",
    "github.com/eschizoid/flixctl/aws/ec2",
    "github.com/eschizoid/flixctl/aws/glacier",
    "github.com/eschizoid/flixctl/aws/lambda/models",
    "github.com/eschizoid/flixctl/aws/s3",
    "github.com/eschizoid/flixctl/aws/snapshot",
    "github.com/eschizoid/flixctl/cmd",
    "github.com/eschizoid/flixctl/cmd/admin",
    "github.com/eschizoid/flixctl/cmd/library",
    "github.com/eschizoid/flixctl/cmd/nzb",
    "github.com/eschizoid/flixctl/cmd/ombi",
    "github.com/eschizoid/flixctl/cmd/plex",
    "github.com/eschizoid/flixctl/cmd/radarr",
    "github.com/eschizoid/flixctl/cmd/sonarr",
    "github.com/eschizoid/flixctl/cmd/torrent",
    "github.com/eschizoid/flixctl/library",
    "github.com/eschizoid/flixctl/models",
    "github.com/eschizoid/flixctl/slack",
    "github.com/eschizoid/flixctl/slack/admin",
    "github.com/eschizoid/flixctl/slack/library",
    "github.com/eschizoid/flixctl/slack/plex",
    "github.com/eschizoid/flixctl/slack/radarr",
    "github.com/eschizoid/flixctl/slack/sonarr",
    "github.com/eschizoid/flixctl/slack/torrent",
    "github.com/eschizoid/flixctl/torrent",
    "github.com/eschizoid/flixctl/worker",
    "github.com/go-playground/form",
    "github.com/hekmon/transmissionrpc",
    "github.com/jrudio/go-plex-client",
    "github.com/jrudio/go-radarr-client",
    "github.com/jrudio/go-sonarr-client",
    "github.com/juliensalinas/torrengo/otts",
    "github.com/juliensalinas/torrengo/td",
    "github.com/juliensalinas/torrengo/tpb",
    "github.com/mholt/archiver",
    "github.com/nlopes/slack",
    "github.com/spf13/cobra",
    "golang.org/x/crypto/ssh",
  ]
  solver-name = "gps-cdcl"
  solver-version = 1
