# This file is autogenerated, do not edit; changes may be undone by the next 'dep ensure'.


[[projects]]
  digest = "1:573fa46f8d413d4bc3f7cc5e86b2c43cb21559f4fb0a19d9874d228e28fdc07c"
  name = "github.com/PuerkitoBio/goquery"
  packages = ["."]
  pruneopts = "UT"
  revision = "2d2796f41742ece03e8086188fa4db16a3a0b458"
  version = "v1.5.0"

[[projects]]
  digest = "1:66b3310cf22cdc96c35ef84ede4f7b9b370971c4025f394c89a2638729653b11"
  name = "github.com/andybalholm/cascadia"
  packages = ["."]
  pruneopts = "UT"
  revision = "901648c87902174f774fac311d7f176f8647bdaa"
  version = "v1.0.0"

[[projects]]
  digest = "1:0838b7b97323a5ff376ad36248d303d9fadcbe158d5f46b6d78356bc5727dc1e"
  name = "github.com/apex/invoke"
  packages = ["."]
  pruneopts = "UT"
  revision = "c1020a6385cea74c80ff3ef223bfe498e1a0e213"
  version = "v2.0.1"

[[projects]]
  digest = "1:97f8392a94d45a67691bfc224ee4365a83864467ca5a04bd5017be293e1b4391"
  name = "github.com/asdine/storm"
  packages = [
    ".",
    "codec",
    "codec/json",
    "index",
    "internal",
    "q",
  ]
  pruneopts = "UT"
  revision = "5a6fe65e3993f63951c8e3f64c812536c9e23595"
  version = "v2.1.2"

[[projects]]
  digest = "1:afb77c095b4e0ba815f114f7e7ef99ffb52a62414a5f86c2ad97371bdcf245de"
  name = "github.com/aws/aws-lambda-go"
  packages = [
    "events",
    "lambda",
    "lambda/messages",
    "lambdacontext",
  ]
  pruneopts = "UT"
  revision = "527f5d301d2993af078be6d0b63372786b3fc18f"
  version = "v1.8.2"

[[projects]]
  digest = "1:294e184b2d2a5e4f9bdccf054d1014cc80e03e36dcb1a906b0907ffb7f2c0313"
  name = "github.com/aws/aws-sdk-go"
  packages = [
    "aws",
    "aws/awserr",
    "aws/awsutil",
    "aws/client",
    "aws/client/metadata",
    "aws/corehandlers",
    "aws/credentials",
    "aws/credentials/ec2rolecreds",
    "aws/credentials/endpointcreds",
    "aws/credentials/processcreds",
    "aws/credentials/stscreds",
    "aws/csm",
    "aws/defaults",
    "aws/ec2metadata",
    "aws/endpoints",
    "aws/request",
    "aws/session",
    "aws/signer/v4",
    "internal/ini",
    "internal/sdkio",
    "internal/sdkrand",
    "internal/sdkuri",
    "internal/shareddefaults",
    "private/protocol",
    "private/protocol/ec2query",
    "private/protocol/json/jsonutil",
    "private/protocol/jsonrpc",
    "private/protocol/query",
    "private/protocol/query/queryutil",
    "private/protocol/rest",
    "private/protocol/restjson",
    "private/protocol/xml/xmlutil",
    "service/ec2",
    "service/glacier",
    "service/lambda",
    "service/sts",
  ]
  pruneopts = "UT"
  revision = "503020bbd95ec9f25b061a83aa62567bc43e6d96"
  version = "v1.16.32"

[[projects]]
  branch = "master"
  digest = "1:988cfde37f089c50ba1ac8a1032c3f81d2ac0359e1872093b946a30139665eb6"
  name = "github.com/dsnet/compress"
  packages = [
    ".",
    "bzip2",
    "bzip2/internal/sais",
    "internal",
    "internal/errors",
    "internal/prefix",
  ]
  pruneopts = "UT"
  revision = "cc9eb1d7ad760af14e8f918698f745e80377af4f"

[[projects]]
  digest = "1:085ab8d218366aa008b209a5997258d51ac037081fb7f9d8da9e0fa453eba6f6"
  name = "github.com/eschizoid/flixctl"
  packages = [
    "aws/ebs",
    "aws/ec2",
    "aws/glacier",
    "aws/lambda/slack",
    "aws/snapshot",
    "cmd",
    "cmd/library",
    "cmd/nzb",
    "cmd/ombi",
    "cmd/plex",
    "cmd/torrent",
    "library",
    "models",
    "slack",
    "slack/library",
    "slack/plex",
    "slack/torrent",
    "torrent",
  ]
  pruneopts = "UT"
  revision = "4d9e364485859330b526d787eded63d65a9c7e6a"
  version = "1.3.0"

[[projects]]
  digest = "1:9ca9ccfaa0481e4c277fd73f872975c63b469b8edd99f616198b6362793b9d8d"
  name = "github.com/go-playground/form"
  packages = ["."]
  pruneopts = "UT"
  revision = "c78c4d65be236fc54add020b980125b40aeb6386"
  version = "v3.1.4"

[[projects]]
  branch = "master"
  digest = "1:4a0c6bb4805508a6287675fac876be2ac1182539ca8a32468d8128882e9d5009"
  name = "github.com/golang/snappy"
  packages = ["."]
  pruneopts = "UT"
  revision = "2e65f85255dbc3072edf28d6b5b8efc472979f5a"

[[projects]]
  digest = "1:236d7e1bdb50d8f68559af37dbcf9d142d56b431c9b2176d41e2a009b664cda8"
  name = "github.com/google/uuid"
  packages = ["."]
  pruneopts = "UT"
  revision = "9b3b1e0f5f99ae461456d768e7d301a7acdaa2d8"
  version = "v1.1.0"

[[projects]]
  digest = "1:7b5c6e2eeaa9ae5907c391a91c132abfd5c9e8a784a341b5625e750c67e6825d"
  name = "github.com/gorilla/websocket"
  packages = ["."]
  pruneopts = "UT"
  revision = "66b9c49e59c6c48f0ffce28c2d8b8a5678502c6d"
  version = "v1.4.0"

[[projects]]
  digest = "1:9715d8b13bda6dada8327ad7d4791ec8d4c2be49a660c8a9293361f80daac913"
  name = "github.com/hekmon/cunits"
  packages = ["."]
  pruneopts = "UT"
  revision = "3c45cb0124f153c1e8bbd2e965cf657c59331d49"
  version = "v2.0.0"

[[projects]]
  branch = "master"
  digest = "1:ecde78f3d3bfb976082aa96b1eeea0764a44bfe295b5bad82bc1377da45be37f"
  name = "github.com/hekmon/transmissionrpc"
  packages = ["."]
  pruneopts = "UT"
  revision = "7676caffba20863657fda40f9c34cedbc3d34bd3"

[[projects]]
  digest = "1:870d441fe217b8e689d7949fef6e43efbc787e50f200cb1e70dbca9204a1d6be"
  name = "github.com/inconshreveable/mousetrap"
  packages = ["."]
  pruneopts = "UT"
  revision = "76626ae9c91c4f2a10f34cad8ce83ea42c93bb75"
  version = "v1.0"

[[projects]]
  digest = "1:bb81097a5b62634f3e9fec1014657855610c82d19b9a40c17612e32651e35dca"
  name = "github.com/jmespath/go-jmespath"
  packages = ["."]
  pruneopts = "UT"
  revision = "c2b33e84"

[[projects]]
  branch = "master"
  digest = "1:5ed61bd13b057e3197346aa2df34c3db26e8b5dbca874d81c7626f9207a0a1f4"
  name = "github.com/jrudio/go-plex-client"
  packages = ["."]
  pruneopts = "UT"
  revision = "8a3d10f8ebdaf2d86d6212383b2513b4e3de822d"

[[projects]]
  branch = "master"
  digest = "1:1c77e06f7a9638f3511e6224c182fb32c197c295699cc2ff82b0671e7e2959fa"
  name = "github.com/juliensalinas/go-cloudflare-scraper"
  packages = ["."]
  pruneopts = "UT"
  revision = "07e77f4d72248913bc73750de3b99c8055eba77e"

[[projects]]
  branch = "master"
  digest = "1:96cd06e2841855d2d3a79119297100d0e97be7538c945d7fc229c1d2a24abc60"
  name = "github.com/juliensalinas/torrengo"
  packages = [
    "core",
    "otts",
    "td",
    "tpb",
  ]
  pruneopts = "UT"
  revision = "2f4198405099f266e9c39bcbebddf62349eaeeff"

[[projects]]
  digest = "1:0a69a1c0db3591fcefb47f115b224592c8dfa4368b7ba9fae509d5e16cdc95c8"
  name = "github.com/konsorten/go-windows-terminal-sequences"
  packages = ["."]
  pruneopts = "UT"
  revision = "5c8c8bd35d3832f5d134ae1e1e375b69a4d25242"
  version = "v1.0.1"

[[projects]]
  digest = "1:67b3e2eb7a5bcfe8374b617315f1a8dfdff3c131a451eb2c01664790ef6dd4e6"
  name = "github.com/mholt/archiver"
  packages = ["."]
  pruneopts = "UT"
  revision = "d572b2e8b82726cee9476d1b9d63a7fe9b601ff1"
  version = "v3.1.1"

[[projects]]
  digest = "1:95d38d218bf2290987c6b0e885a9f0f2d3d3239235acaddca01c3fe36e5e5566"
  name = "github.com/nlopes/slack"
  packages = [
    ".",
    "slackutilsx",
  ]
  pruneopts = "UT"
  revision = "b9033a72a20bf84563485e86a2adbea4bf265804"
  version = "v0.4.0"

[[projects]]
  digest = "1:b93a939355dc613ca1c23bf39f6d4c207da431a31dd8af001cc334ad24cab9d3"
  name = "github.com/nwaples/rardecode"
  packages = ["."]
  pruneopts = "UT"
  revision = "cc3e4b2381762c56dbcdf9f93be03349a1dc1c14"
  version = "v1.0.0"

[[projects]]
  digest = "1:c7a5e79396b6eb570159df7a1d487ce5775bf43b7907976fbef6de544ea160ad"
  name = "github.com/pierrec/lz4"
  packages = [
    ".",
    "internal/xxh32",
  ]
  pruneopts = "UT"
  revision = "473cd7ce01a1113208073166464b98819526150e"
  version = "v2.0.8"

[[projects]]
  digest = "1:cf31692c14422fa27c83a05292eb5cbe0fb2775972e8f1f8446a71549bd8980b"
  name = "github.com/pkg/errors"
  packages = ["."]
  pruneopts = "UT"
  revision = "ba968bfe8b2f7e042a574c888954fccecfa385b4"
  version = "v0.8.1"

[[projects]]
  digest = "1:a88ca2249fa57a40a2d7d8ae8322c843d63b7a3b39f90bdcd9d7c5a07fdc2d7c"
  name = "github.com/robertkrimen/otto"
  packages = [
    ".",
    "ast",
    "dbg",
    "file",
    "parser",
    "registry",
    "token",
  ]
  pruneopts = "UT"
  revision = "49fee9c1c0db1c366003ede4cc665f9924a97521"

[[projects]]
  digest = "1:87c2e02fb01c27060ccc5ba7c5a407cc91147726f8f40b70cceeedbc52b1f3a8"
  name = "github.com/sirupsen/logrus"
  packages = ["."]
  pruneopts = "UT"
  revision = "e1e72e9de974bd926e5c56f83753fba2df402ce5"
  version = "v1.3.0"

[[projects]]
  digest = "1:645cabccbb4fa8aab25a956cbcbdf6a6845ca736b2c64e197ca7cbb9d210b939"
  name = "github.com/spf13/cobra"
  packages = ["."]
  pruneopts = "UT"
  revision = "ef82de70bb3f60c65fb8eebacbb2d122ef517385"
  version = "v0.0.3"

[[projects]]
  digest = "1:c1b1102241e7f645bc8e0c22ae352e8f0dc6484b6cb4d132fa9f24174e0119e2"
  name = "github.com/spf13/pflag"
  packages = ["."]
  pruneopts = "UT"
  revision = "298182f68c66c05229eb03ac171abe6e309ee79a"
  version = "v1.0.3"

[[projects]]
  digest = "1:db345c377984d0907323c09a9b17f11d995a59649fd38f909727df358b5f9020"
  name = "github.com/ulikunitz/xz"
  packages = [
    ".",
    "internal/hash",
    "internal/xlog",
    "lzma",
  ]
  pruneopts = "UT"
  revision = "590df8077fbcb06ad62d7714da06c00e5dd2316d"
  version = "v0.5.5"

[[projects]]
  branch = "master"
  digest = "1:0dfba983988bcd90e6dd30b9bfdb9685ff530dbf61db3706e55372e975b1d8bc"
  name = "github.com/xi2/xz"
  packages = ["."]
  pruneopts = "UT"
  revision = "48954b6210f8d154cb5f8484d3a3e1f83489309e"

[[projects]]
  digest = "1:5f7414cf41466d4b4dd7ec52b2cd3e481e08cfd11e7e24fef730c0e483e88bb1"
  name = "go.etcd.io/bbolt"
  packages = ["."]
  pruneopts = "UT"
  revision = "63597a96ec0ad9e6d43c3fc81e809909e0237461"
  version = "v1.3.2"

[[projects]]
  branch = "master"
  digest = "1:fde12c4da6237363bf36b81b59aa36a43d28061167ec4acb0d41fc49464e28b9"
  name = "golang.org/x/crypto"
  packages = ["ssh/terminal"]
  pruneopts = "UT"
  revision = "74369b46fc6756741c016591724fd1cb8e26845f"

[[projects]]
  branch = "master"
  digest = "1:1235bd185006c1bbdc4292ec1942974469ba1a37ab6bbb73850d75b2bd952efc"
  name = "golang.org/x/net"
  packages = [
    "html",
    "html/atom",
  ]
  pruneopts = "UT"
  revision = "65e2d4e15006aab9813ff8769e768bbf4bb667a0"

[[projects]]
  branch = "master"
  digest = "1:8975c6b66d95adc1cd08820aba7ad6b60b165725a401c4177c0eaa866170bb10"
  name = "golang.org/x/sys"
  packages = [
    "unix",
    "windows",
  ]
  pruneopts = "UT"
  revision = "3b5209105503162ded1863c307ac66fec31120dd"

[[projects]]
  digest = "1:9935525a8c49b8434a0b0a54e1980e94a6fae73aaff45c5d33ba8dff69de123e"
  name = "gopkg.in/sourcemap.v1"
  packages = [
    ".",
    "base64vlq",
  ]
  pruneopts = "UT"
  revision = "6e83acea0053641eff084973fee085f0c193c61a"
  version = "v1.0.5"

[solve-meta]
  analyzer-name = "dep"
  analyzer-version = 1
  input-imports = [
    "github.com/apex/invoke",
    "github.com/asdine/storm",
    "github.com/aws/aws-lambda-go/events",
    "github.com/aws/aws-lambda-go/lambda",
    "github.com/aws/aws-sdk-go/aws",
    "github.com/aws/aws-sdk-go/aws/awserr",
    "github.com/aws/aws-sdk-go/aws/session",
    "github.com/aws/aws-sdk-go/service/ec2",
    "github.com/aws/aws-sdk-go/service/glacier",
    "github.com/aws/aws-sdk-go/service/lambda",
    "github.com/eschizoid/flixctl/aws/ebs",
    "github.com/eschizoid/flixctl/aws/ec2",
    "github.com/eschizoid/flixctl/aws/glacier",
    "github.com/eschizoid/flixctl/aws/lambda/slack",
    "github.com/eschizoid/flixctl/aws/snapshot",
    "github.com/eschizoid/flixctl/cmd",
    "github.com/eschizoid/flixctl/cmd/library",
    "github.com/eschizoid/flixctl/cmd/nzb",
    "github.com/eschizoid/flixctl/cmd/ombi",
    "github.com/eschizoid/flixctl/cmd/plex",
    "github.com/eschizoid/flixctl/cmd/torrent",
    "github.com/eschizoid/flixctl/library",
    "github.com/eschizoid/flixctl/models",
    "github.com/eschizoid/flixctl/slack",
    "github.com/eschizoid/flixctl/slack/library",
    "github.com/eschizoid/flixctl/slack/plex",
    "github.com/eschizoid/flixctl/slack/torrent",
    "github.com/eschizoid/flixctl/torrent",
    "github.com/go-playground/form",
    "github.com/hekmon/transmissionrpc",
    "github.com/jrudio/go-plex-client",
    "github.com/juliensalinas/torrengo/otts",
    "github.com/juliensalinas/torrengo/td",
    "github.com/juliensalinas/torrengo/tpb",
    "github.com/mholt/archiver",
    "github.com/nlopes/slack",
    "github.com/spf13/cobra",
    "go.etcd.io/bbolt",
  ]
  solver-name = "gps-cdcl"
  solver-version = 1
